// !$*UTF8*$!
{
	archiveVersion = 1;
	classes = {
	};
	objectVersion = 50;
	objects = {

/* Begin PBXBuildFile section */
		D9C5E33923A53E83001F6F1A /* AppDelegate.swift in Sources */ = {isa = PBXBuildFile; fileRef = D9C5E33823A53E83001F6F1A /* AppDelegate.swift */; };
		D9C5E33B23A53E83001F6F1A /* SceneDelegate.swift in Sources */ = {isa = PBXBuildFile; fileRef = D9C5E33A23A53E83001F6F1A /* SceneDelegate.swift */; };
		D9C5E33D23A53E83001F6F1A /* ViewController.swift in Sources */ = {isa = PBXBuildFile; fileRef = D9C5E33C23A53E83001F6F1A /* ViewController.swift */; };
		D9C5E34023A53E83001F6F1A /* Main.storyboard in Resources */ = {isa = PBXBuildFile; fileRef = D9C5E33E23A53E83001F6F1A /* Main.storyboard */; };
		D9C5E34223A53E84001F6F1A /* Assets.xcassets in Resources */ = {isa = PBXBuildFile; fileRef = D9C5E34123A53E84001F6F1A /* Assets.xcassets */; };
		D9C5E34523A53E84001F6F1A /* LaunchScreen.storyboard in Resources */ = {isa = PBXBuildFile; fileRef = D9C5E34323A53E84001F6F1A /* LaunchScreen.storyboard */; };
		D9C5E35523A5474D001F6F1A /* UItextfieldExtension.swift in Sources */ = {isa = PBXBuildFile; fileRef = D9C5E35423A5474D001F6F1A /* UItextfieldExtension.swift */; };
		D9C5E35A23A54BBC001F6F1A /* AnnularLayer.swift in Sources */ = {isa = PBXBuildFile; fileRef = D9C5E35723A54BBC001F6F1A /* AnnularLayer.swift */; };
		D9C5E35B23A54BBC001F6F1A /* LineLayer.swift in Sources */ = {isa = PBXBuildFile; fileRef = D9C5E35823A54BBC001F6F1A /* LineLayer.swift */; };
		D9C5E35C23A54BBC001F6F1A /* StepIndicatorView.swift in Sources */ = {isa = PBXBuildFile; fileRef = D9C5E35923A54BBC001F6F1A /* StepIndicatorView.swift */; };
		D9C5E35E23A568FC001F6F1A /* UIViewExtension .swift in Sources */ = {isa = PBXBuildFile; fileRef = D9C5E35D23A568FC001F6F1A /* UIViewExtension .swift */; };
		D9C5E36023A576AB001F6F1A /* CustomUITextFIeld.swift in Sources */ = {isa = PBXBuildFile; fileRef = D9C5E35F23A576AB001F6F1A /* CustomUITextFIeld.swift */; };
/* End PBXBuildFile section */

/* Begin PBXFileReference section */
		D9C5E33523A53E83001F6F1A /* MobileNoc-Task.app */ = {isa = PBXFileReference; explicitFileType = wrapper.application; includeInIndex = 0; path = "MobileNoc-Task.app"; sourceTree = BUILT_PRODUCTS_DIR; };
		D9C5E33823A53E83001F6F1A /* AppDelegate.swift */ = {isa = PBXFileReference; lastKnownFileType = sourcecode.swift; path = AppDelegate.swift; sourceTree = "<group>"; };
		D9C5E33A23A53E83001F6F1A /* SceneDelegate.swift */ = {isa = PBXFileReference; lastKnownFileType = sourcecode.swift; path = SceneDelegate.swift; sourceTree = "<group>"; };
		D9C5E33C23A53E83001F6F1A /* ViewController.swift */ = {isa = PBXFileReference; lastKnownFileType = sourcecode.swift; path = ViewController.swift; sourceTree = "<group>"; };
		D9C5E33F23A53E83001F6F1A /* Base */ = {isa = PBXFileReference; lastKnownFileType = file.storyboard; name = Base; path = Base.lproj/Main.storyboard; sourceTree = "<group>"; };
		D9C5E34123A53E84001F6F1A /* Assets.xcassets */ = {isa = PBXFileReference; lastKnownFileType = folder.assetcatalog; path = Assets.xcassets; sourceTree = "<group>"; };
		D9C5E34423A53E84001F6F1A /* Base */ = {isa = PBXFileReference; lastKnownFileType = file.storyboard; name = Base; path = Base.lproj/LaunchScreen.storyboard; sourceTree = "<group>"; };
		D9C5E34623A53E84001F6F1A /* Info.plist */ = {isa = PBXFileReference; lastKnownFileType = text.plist.xml; path = Info.plist; sourceTree = "<group>"; };
		D9C5E35423A5474D001F6F1A /* UItextfieldExtension.swift */ = {isa = PBXFileReference; lastKnownFileType = sourcecode.swift; path = UItextfieldExtension.swift; sourceTree = "<group>"; };
		D9C5E35723A54BBC001F6F1A /* AnnularLayer.swift */ = {isa = PBXFileReference; fileEncoding = 4; lastKnownFileType = sourcecode.swift; path = AnnularLayer.swift; sourceTree = "<group>"; };
		D9C5E35823A54BBC001F6F1A /* LineLayer.swift */ = {isa = PBXFileReference; fileEncoding = 4; lastKnownFileType = sourcecode.swift; path = LineLayer.swift; sourceTree = "<group>"; };
		D9C5E35923A54BBC001F6F1A /* StepIndicatorView.swift */ = {isa = PBXFileReference; fileEncoding = 4; lastKnownFileType = sourcecode.swift; path = StepIndicatorView.swift; sourceTree = "<group>"; };
		D9C5E35D23A568FC001F6F1A /* UIViewExtension .swift */ = {isa = PBXFileReference; lastKnownFileType = sourcecode.swift; path = "UIViewExtension .swift"; sourceTree = "<group>"; };
		D9C5E35F23A576AB001F6F1A /* CustomUITextFIeld.swift */ = {isa = PBXFileReference; lastKnownFileType = sourcecode.swift; path = CustomUITextFIeld.swift; sourceTree = "<group>"; };
/* End PBXFileReference section */

/* Begin PBXFrameworksBuildPhase section */
		D9C5E33223A53E83001F6F1A /* Frameworks */ = {
			isa = PBXFrameworksBuildPhase;
			buildActionMask = 2147483647;
			files = (
			);
			runOnlyForDeploymentPostprocessing = 0;
		};
/* End PBXFrameworksBuildPhase section */

/* Begin PBXGroup section */
		D9C5E32C23A53E83001F6F1A = {
			isa = PBXGroup;
			children = (
				D9C5E33723A53E83001F6F1A /* MobileNoc-Task */,
				D9C5E33623A53E83001F6F1A /* Products */,
			);
			sourceTree = "<group>";
		};
		D9C5E33623A53E83001F6F1A /* Products */ = {
			isa = PBXGroup;
			children = (
				D9C5E33523A53E83001F6F1A /* MobileNoc-Task.app */,
			);
			name = Products;
			sourceTree = "<group>";
		};
		D9C5E33723A53E83001F6F1A /* MobileNoc-Task */ = {
			isa = PBXGroup;
			children = (
				D9C5E35323A53F56001F6F1A /* Core */,
				D9C5E35223A53F1F001F6F1A /* Recources */,
				D9C5E35123A53F17001F6F1A /* Enum */,
				D9C5E35023A53F0B001F6F1A /* Extension */,
				D9C5E34F23A53EFC001F6F1A /* Utils */,
				D9C5E34E23A53EEE001F6F1A /* Networking */,
				D9C5E34D23A53EE2001F6F1A /* Model */,
				D9C5E34C23A53ED9001F6F1A /* Scene */,
				D9C5E33C23A53E83001F6F1A /* ViewController.swift */,
				D9C5E33E23A53E83001F6F1A /* Main.storyboard */,
				D9C5E34623A53E84001F6F1A /* Info.plist */,
			);
			path = "MobileNoc-Task";
			sourceTree = "<group>";
		};
		D9C5E34C23A53ED9001F6F1A /* Scene */ = {
			isa = PBXGroup;
			children = (
			);
			path = Scene;
			sourceTree = "<group>";
		};
		D9C5E34D23A53EE2001F6F1A /* Model */ = {
			isa = PBXGroup;
			children = (
			);
			path = Model;
			sourceTree = "<group>";
		};
		D9C5E34E23A53EEE001F6F1A /* Networking */ = {
			isa = PBXGroup;
			children = (
			);
			path = Networking;
			sourceTree = "<group>";
		};
		D9C5E34F23A53EFC001F6F1A /* Utils */ = {
			isa = PBXGroup;
			children = (
				D9C5E35623A54B9F001F6F1A /* StepProgressView */,
				D9C5E35F23A576AB001F6F1A /* CustomUITextFIeld.swift */,
			);
			path = Utils;
			sourceTree = "<group>";
		};
		D9C5E35023A53F0B001F6F1A /* Extension */ = {
			isa = PBXGroup;
			children = (
				D9C5E35423A5474D001F6F1A /* UItextfieldExtension.swift */,
				D9C5E35D23A568FC001F6F1A /* UIViewExtension .swift */,
			);
			path = Extension;
			sourceTree = "<group>";
		};
		D9C5E35123A53F17001F6F1A /* Enum */ = {
			isa = PBXGroup;
			children = (
			);
			path = Enum;
			sourceTree = "<group>";
		};
		D9C5E35223A53F1F001F6F1A /* Recources */ = {
			isa = PBXGroup;
			children = (
				D9C5E34323A53E84001F6F1A /* LaunchScreen.storyboard */,
				D9C5E34123A53E84001F6F1A /* Assets.xcassets */,
			);
			path = Recources;
			sourceTree = "<group>";
		};
		D9C5E35323A53F56001F6F1A /* Core */ = {
			isa = PBXGroup;
			children = (
				D9C5E33A23A53E83001F6F1A /* SceneDelegate.swift */,
				D9C5E33823A53E83001F6F1A /* AppDelegate.swift */,
			);
			path = Core;
			sourceTree = "<group>";
		};
		D9C5E35623A54B9F001F6F1A /* StepProgressView */ = {
			isa = PBXGroup;
			children = (
				D9C5E35723A54BBC001F6F1A /* AnnularLayer.swift */,
				D9C5E35823A54BBC001F6F1A /* LineLayer.swift */,
				D9C5E35923A54BBC001F6F1A /* StepIndicatorView.swift */,
			);
			path = StepProgressView;
			sourceTree = "<group>";
		};
/* End PBXGroup section */

/* Begin PBXNativeTarget section */
		D9C5E33423A53E83001F6F1A /* MobileNoc-Task */ = {
			isa = PBXNativeTarget;
			buildConfigurationList = D9C5E34923A53E84001F6F1A /* Build configuration list for PBXNativeTarget "MobileNoc-Task" */;
			buildPhases = (
				D9C5E33123A53E83001F6F1A /* Sources */,
				D9C5E33223A53E83001F6F1A /* Frameworks */,
				D9C5E33323A53E83001F6F1A /* Resources */,
			);
			buildRules = (
			);
			dependencies = (
			);
			name = "MobileNoc-Task";
			productName = "MobileNoc-Task";
			productReference = D9C5E33523A53E83001F6F1A /* MobileNoc-Task.app */;
			productType = "com.apple.product-type.application";
		};
/* End PBXNativeTarget section */

/* Begin PBXProject section */
		D9C5E32D23A53E83001F6F1A /* Project object */ = {
			isa = PBXProject;
			attributes = {
				LastSwiftUpdateCheck = 1110;
				LastUpgradeCheck = 1110;
				ORGANIZATIONNAME = "karim metawea";
				TargetAttributes = {
					D9C5E33423A53E83001F6F1A = {
						CreatedOnToolsVersion = 11.1;
					};
				};
			};
			buildConfigurationList = D9C5E33023A53E83001F6F1A /* Build configuration list for PBXProject "MobileNoc-Task" */;
			compatibilityVersion = "Xcode 9.3";
			developmentRegion = en;
			hasScannedForEncodings = 0;
			knownRegions = (
				en,
				Base,
			);
			mainGroup = D9C5E32C23A53E83001F6F1A;
			productRefGroup = D9C5E33623A53E83001F6F1A /* Products */;
			projectDirPath = "";
			projectRoot = "";
			targets = (
				D9C5E33423A53E83001F6F1A /* MobileNoc-Task */,
			);
		};
/* End PBXProject section */

/* Begin PBXResourcesBuildPhase section */
		D9C5E33323A53E83001F6F1A /* Resources */ = {
			isa = PBXResourcesBuildPhase;
			buildActionMask = 2147483647;
			files = (
				D9C5E34523A53E84001F6F1A /* LaunchScreen.storyboard in Resources */,
				D9C5E34223A53E84001F6F1A /* Assets.xcassets in Resources */,
				D9C5E34023A53E83001F6F1A /* Main.storyboard in Resources */,
			);
			runOnlyForDeploymentPostprocessing = 0;
		};
/* End PBXResourcesBuildPhase section */

/* Begin PBXSourcesBuildPhase section */
		D9C5E33123A53E83001F6F1A /* Sources */ = {
			isa = PBXSourcesBuildPhase;
			buildActionMask = 2147483647;
			files = (
				D9C5E35A23A54BBC001F6F1A /* AnnularLayer.swift in Sources */,
				D9C5E35B23A54BBC001F6F1A /* LineLayer.swift in Sources */,
				D9C5E36023A576AB001F6F1A /* CustomUITextFIeld.swift in Sources */,
				D9C5E33D23A53E83001F6F1A /* ViewController.swift in Sources */,
				D9C5E35C23A54BBC001F6F1A /* StepIndicatorView.swift in Sources */,
				D9C5E35523A5474D001F6F1A /* UItextfieldExtension.swift in Sources */,
				D9C5E33923A53E83001F6F1A /* AppDelegate.swift in Sources */,
				D9C5E33B23A53E83001F6F1A /* SceneDelegate.swift in Sources */,
				D9C5E35E23A568FC001F6F1A /* UIViewExtension .swift in Sources */,
			);
			runOnlyForDeploymentPostprocessing = 0;
		};
/* End PBXSourcesBuildPhase section */

/* Begin PBXVariantGroup section */
		D9C5E33E23A53E83001F6F1A /* Main.storyboard */ = {
			isa = PBXVariantGroup;
			children = (
				D9C5E33F23A53E83001F6F1A /* Base */,
			);
			name = Main.storyboard;
			sourceTree = "<group>";
		};
		D9C5E34323A53E84001F6F1A /* LaunchScreen.storyboard */ = {
			isa = PBXVariantGroup;
			children = (
				D9C5E34423A53E84001F6F1A /* Base */,
			);
			name = LaunchScreen.storyboard;
			sourceTree = "<group>";
		};
/* End PBXVariantGroup section */

/* Begin XCBuildConfiguration section */
		D9C5E34723A53E84001F6F1A /* Debug */ = {
			isa = XCBuildConfiguration;
			buildSettings = {
				ALWAYS_SEARCH_USER_PATHS = NO;
				CLANG_ANALYZER_NONNULL = YES;
				CLANG_ANALYZER_NUMBER_OBJECT_CONVERSION = YES_AGGRESSIVE;
				CLANG_CXX_LANGUAGE_STANDARD = "gnu++14";
				CLANG_CXX_LIBRARY = "libc++";
				CLANG_ENABLE_MODULES = YES;
				CLANG_ENABLE_OBJC_ARC = YES;
				CLANG_ENABLE_OBJC_WEAK = YES;
				CLANG_WARN_BLOCK_CAPTURE_AUTORELEASING = YES;
				CLANG_WARN_BOOL_CONVERSION = YES;
				CLANG_WARN_COMMA = YES;
				CLANG_WARN_CONSTANT_CONVERSION = YES;
				CLANG_WARN_DEPRECATED_OBJC_IMPLEMENTATIONS = YES;
				CLANG_WARN_DIRECT_OBJC_ISA_USAGE = YES_ERROR;
				CLANG_WARN_DOCUMENTATION_COMMENTS = YES;
				CLANG_WARN_EMPTY_BODY = YES;
				CLANG_WARN_ENUM_CONVERSION = YES;
				CLANG_WARN_INFINITE_RECURSION = YES;
				CLANG_WARN_INT_CONVERSION = YES;
				CLANG_WARN_NON_LITERAL_NULL_CONVERSION = YES;
				CLANG_WARN_OBJC_IMPLICIT_RETAIN_SELF = YES;
				CLANG_WARN_OBJC_LITERAL_CONVERSION = YES;
				CLANG_WARN_OBJC_ROOT_CLASS = YES_ERROR;
				CLANG_WARN_RANGE_LOOP_ANALYSIS = YES;
				CLANG_WARN_STRICT_PROTOTYPES = YES;
				CLANG_WARN_SUSPICIOUS_MOVE = YES;
				CLANG_WARN_UNGUARDED_AVAILABILITY = YES_AGGRESSIVE;
				CLANG_WARN_UNREACHABLE_CODE = YES;
				CLANG_WARN__DUPLICATE_METHOD_MATCH = YES;
				COPY_PHASE_STRIP = NO;
				DEBUG_INFORMATION_FORMAT = dwarf;
				ENABLE_STRICT_OBJC_MSGSEND = YES;
				ENABLE_TESTABILITY = YES;
				GCC_C_LANGUAGE_STANDARD = gnu11;
				GCC_DYNAMIC_NO_PIC = NO;
				GCC_NO_COMMON_BLOCKS = YES;
				GCC_OPTIMIZATION_LEVEL = 0;
				GCC_PREPROCESSOR_DEFINITIONS = (
					"DEBUG=1",
					"$(inherited)",
				);
				GCC_WARN_64_TO_32_BIT_CONVERSION = YES;
				GCC_WARN_ABOUT_RETURN_TYPE = YES_ERROR;
				GCC_WARN_UNDECLARED_SELECTOR = YES;
				GCC_WARN_UNINITIALIZED_AUTOS = YES_AGGRESSIVE;
				GCC_WARN_UNUSED_FUNCTION = YES;
				GCC_WARN_UNUSED_VARIABLE = YES;
				IPHONEOS_DEPLOYMENT_TARGET = 13.1;
				MTL_ENABLE_DEBUG_INFO = INCLUDE_SOURCE;
				MTL_FAST_MATH = YES;
				ONLY_ACTIVE_ARCH = YES;
				SDKROOT = iphoneos;
				SWIFT_ACTIVE_COMPILATION_CONDITIONS = DEBUG;
				SWIFT_OPTIMIZATION_LEVEL = "-Onone";
			};
			name = Debug;
		};
		D9C5E34823A53E84001F6F1A /* Release */ = {
			isa = XCBuildConfiguration;
			buildSettings = {
				ALWAYS_SEARCH_USER_PATHS = NO;
				CLANG_ANALYZER_NONNULL = YES;
				CLANG_ANALYZER_NUMBER_OBJECT_CONVERSION = YES_AGGRESSIVE;
				CLANG_CXX_LANGUAGE_STANDARD = "gnu++14";
				CLANG_CXX_LIBRARY = "libc++";
				CLANG_ENABLE_MODULES = YES;
				CLANG_ENABLE_OBJC_ARC = YES;
				CLANG_ENABLE_OBJC_WEAK = YES;
				CLANG_WARN_BLOCK_CAPTURE_AUTORELEASING = YES;
				CLANG_WARN_BOOL_CONVERSION = YES;
				CLANG_WARN_COMMA = YES;
				CLANG_WARN_CONSTANT_CONVERSION = YES;
				CLANG_WARN_DEPRECATED_OBJC_IMPLEMENTATIONS = YES;
				CLANG_WARN_DIRECT_OBJC_ISA_USAGE = YES_ERROR;
				CLANG_WARN_DOCUMENTATION_COMMENTS = YES;
				CLANG_WARN_EMPTY_BODY = YES;
				CLANG_WARN_ENUM_CONVERSION = YES;
				CLANG_WARN_INFINITE_RECURSION = YES;
				CLANG_WARN_INT_CONVERSION = YES;
				CLANG_WARN_NON_LITERAL_NULL_CONVERSION = YES;
				CLANG_WARN_OBJC_IMPLICIT_RETAIN_SELF = YES;
				CLANG_WARN_OBJC_LITERAL_CONVERSION = YES;
				CLANG_WARN_OBJC_ROOT_CLASS = YES_ERROR;
				CLANG_WARN_RANGE_LOOP_ANALYSIS = YES;
				CLANG_WARN_STRICT_PROTOTYPES = YES;
				CLANG_WARN_SUSPICIOUS_MOVE = YES;
				CLANG_WARN_UNGUARDED_AVAILABILITY = YES_AGGRESSIVE;
				CLANG_WARN_UNREACHABLE_CODE = YES;
				CLANG_WARN__DUPLICATE_METHOD_MATCH = YES;
				COPY_PHASE_STRIP = NO;
				DEBUG_INFORMATION_FORMAT = "dwarf-with-dsym";
				ENABLE_NS_ASSERTIONS = NO;
				ENABLE_STRICT_OBJC_MSGSEND = YES;
				GCC_C_LANGUAGE_STANDARD = gnu11;
				GCC_NO_COMMON_BLOCKS = YES;
				GCC_WARN_64_TO_32_BIT_CONVERSION = YES;
				GCC_WARN_ABOUT_RETURN_TYPE = YES_ERROR;
				GCC_WARN_UNDECLARED_SELECTOR = YES;
				GCC_WARN_UNINITIALIZED_AUTOS = YES_AGGRESSIVE;
				GCC_WARN_UNUSED_FUNCTION = YES;
				GCC_WARN_UNUSED_VARIABLE = YES;
				IPHONEOS_DEPLOYMENT_TARGET = 13.1;
				MTL_ENABLE_DEBUG_INFO = NO;
				MTL_FAST_MATH = YES;
				SDKROOT = iphoneos;
				SWIFT_COMPILATION_MODE = wholemodule;
				SWIFT_OPTIMIZATION_LEVEL = "-O";
				VALIDATE_PRODUCT = YES;
			};
			name = Release;
		};
		D9C5E34A23A53E84001F6F1A /* Debug */ = {
			isa = XCBuildConfiguration;
			buildSettings = {
				ASSETCATALOG_COMPILER_APPICON_NAME = AppIcon;
				CODE_SIGN_STYLE = Automatic;
				DEVELOPMENT_TEAM = 63JS4LZS93;
				INFOPLIST_FILE = "MobileNoc-Task/Info.plist";
				LD_RUNPATH_SEARCH_PATHS = (
					"$(inherited)",
					"@executable_path/Frameworks",
				);
				PRODUCT_BUNDLE_IDENTIFIER = "karim-metawea..MobileNoc-Task123";
				PRODUCT_NAME = "$(TARGET_NAME)";
				SWIFT_VERSION = 5.0;
				TARGETED_DEVICE_FAMILY = "1,2";
			};
			name = Debug;
		};
		D9C5E34B23A53E84001F6F1A /* Release */ = {
			isa = XCBuildConfiguration;
			buildSettings = {
				ASSETCATALOG_COMPILER_APPICON_NAME = AppIcon;
				CODE_SIGN_STYLE = Automatic;
				DEVELOPMENT_TEAM = 63JS4LZS93;
				INFOPLIST_FILE = "MobileNoc-Task/Info.plist";
				LD_RUNPATH_SEARCH_PATHS = (
					"$(inherited)",
					"@executable_path/Frameworks",
				);
				PRODUCT_BUNDLE_IDENTIFIER = "karim-metawea..MobileNoc-Task123";
				PRODUCT_NAME = "$(TARGET_NAME)";
				SWIFT_VERSION = 5.0;
				TARGETED_DEVICE_FAMILY = "1,2";
			};
			name = Release;
		};
/* End XCBuildConfiguration section */

/* Begin XCConfigurationList section */
		D9C5E33023A53E83001F6F1A /* Build configuration list for PBXProject "MobileNoc-Task" */ = {
			isa = XCConfigurationList;
			buildConfigurations = (
				D9C5E34723A53E84001F6F1A /* Debug */,
				D9C5E34823A53E84001F6F1A /* Release */,
			);
			defaultConfigurationIsVisible = 0;
			defaultConfigurationName = Release;
		};
		D9C5E34923A53E84001F6F1A /* Build configuration list for PBXNativeTarget "MobileNoc-Task" */ = {
			isa = XCConfigurationList;
			buildConfigurations = (
				D9C5E34A23A53E84001F6F1A /* Debug */,
				D9C5E34B23A53E84001F6F1A /* Release */,
			);
			defaultConfigurationIsVisible = 0;
			defaultConfigurationName = Release;
		};
/* End XCConfigurationList section */
	};
	rootObject = D9C5E32D23A53E83001F6F1A /* Project object */;
}
